// !$*UTF8*$!
{
	archiveVersion = 1;
	classes = {
	};
	objectVersion = 46;
	objects = {

/* Begin PBXBuildFile section */
		929597CA1A32383A00E1AE04 /* AppDelegate.swift in Sources */ = {isa = PBXBuildFile; fileRef = 929597C91A32383A00E1AE04 /* AppDelegate.swift */; };
		929597CC1A32383A00E1AE04 /* RecordSoundsViewController.swift in Sources */ = {isa = PBXBuildFile; fileRef = 929597CB1A32383A00E1AE04 /* RecordSoundsViewController.swift */; };
		929597CF1A32383A00E1AE04 /* Main.storyboard in Resources */ = {isa = PBXBuildFile; fileRef = 929597CD1A32383A00E1AE04 /* Main.storyboard */; };
		929597D11A32383A00E1AE04 /* Images.xcassets in Resources */ = {isa = PBXBuildFile; fileRef = 929597D01A32383A00E1AE04 /* Images.xcassets */; };
		929597D41A32383A00E1AE04 /* LaunchScreen.xib in Resources */ = {isa = PBXBuildFile; fileRef = 929597D21A32383A00E1AE04 /* LaunchScreen.xib */; };
		929597E01A32383A00E1AE04 /* Speak_AppTests.swift in Sources */ = {isa = PBXBuildFile; fileRef = 929597DF1A32383A00E1AE04 /* Speak_AppTests.swift */; };
		929597EA1A326B7C00E1AE04 /* PlaySoundsViewController.swift in Sources */ = {isa = PBXBuildFile; fileRef = 929597E91A326B7C00E1AE04 /* PlaySoundsViewController.swift */; };
		929597EC1A32A42700E1AE04 /* sample.mp3 in Resources */ = {isa = PBXBuildFile; fileRef = 929597EB1A32A42700E1AE04 /* sample.mp3 */; };
/* End PBXBuildFile section */

/* Begin PBXContainerItemProxy section */
		929597DA1A32383A00E1AE04 /* PBXContainerItemProxy */ = {
			isa = PBXContainerItemProxy;
			containerPortal = 929597BC1A32383A00E1AE04 /* Project object */;
			proxyType = 1;
			remoteGlobalIDString = 929597C31A32383A00E1AE04;
			remoteInfo = "Speak App";
		};
/* End PBXContainerItemProxy section */

/* Begin PBXFileReference section */
		929597C41A32383A00E1AE04 /* Speak App.app */ = {isa = PBXFileReference; explicitFileType = wrapper.application; includeInIndex = 0; path = "Speak App.app"; sourceTree = BUILT_PRODUCTS_DIR; };
		929597C81A32383A00E1AE04 /* Info.plist */ = {isa = PBXFileReference; lastKnownFileType = text.plist.xml; path = Info.plist; sourceTree = "<group>"; };
		929597C91A32383A00E1AE04 /* AppDelegate.swift */ = {isa = PBXFileReference; lastKnownFileType = sourcecode.swift; path = AppDelegate.swift; sourceTree = "<group>"; };
		929597CB1A32383A00E1AE04 /* RecordSoundsViewController.swift */ = {isa = PBXFileReference; lastKnownFileType = sourcecode.swift; path = RecordSoundsViewController.swift; sourceTree = "<group>"; };
		929597CE1A32383A00E1AE04 /* Base */ = {isa = PBXFileReference; lastKnownFileType = file.storyboard; name = Base; path = Base.lproj/Main.storyboard; sourceTree = "<group>"; };
		929597D01A32383A00E1AE04 /* Images.xcassets */ = {isa = PBXFileReference; lastKnownFileType = folder.assetcatalog; path = Images.xcassets; sourceTree = "<group>"; };
		929597D31A32383A00E1AE04 /* Base */ = {isa = PBXFileReference; lastKnownFileType = file.xib; name = Base; path = Base.lproj/LaunchScreen.xib; sourceTree = "<group>"; };
		929597D91A32383A00E1AE04 /* Speak AppTests.xctest */ = {isa = PBXFileReference; explicitFileType = wrapper.cfbundle; includeInIndex = 0; path = "Speak AppTests.xctest"; sourceTree = BUILT_PRODUCTS_DIR; };
		929597DE1A32383A00E1AE04 /* Info.plist */ = {isa = PBXFileReference; lastKnownFileType = text.plist.xml; path = Info.plist; sourceTree = "<group>"; };
		929597DF1A32383A00E1AE04 /* Speak_AppTests.swift */ = {isa = PBXFileReference; lastKnownFileType = sourcecode.swift; path = Speak_AppTests.swift; sourceTree = "<group>"; };
		929597E91A326B7C00E1AE04 /* PlaySoundsViewController.swift */ = {isa = PBXFileReference; fileEncoding = 4; lastKnownFileType = sourcecode.swift; path = PlaySoundsViewController.swift; sourceTree = "<group>"; };
		929597EB1A32A42700E1AE04 /* sample.mp3 */ = {isa = PBXFileReference; lastKnownFileType = audio.mp3; path = sample.mp3; sourceTree = "<group>"; };
/* End PBXFileReference section */

/* Begin PBXFrameworksBuildPhase section */
		929597C11A32383A00E1AE04 /* Frameworks */ = {
			isa = PBXFrameworksBuildPhase;
			buildActionMask = 2147483647;
			files = (
			);
			runOnlyForDeploymentPostprocessing = 0;
		};
		929597D61A32383A00E1AE04 /* Frameworks */ = {
			isa = PBXFrameworksBuildPhase;
			buildActionMask = 2147483647;
			files = (
			);
			runOnlyForDeploymentPostprocessing = 0;
		};
/* End PBXFrameworksBuildPhase section */

/* Begin PBXGroup section */
		929597BB1A32383A00E1AE04 = {
			isa = PBXGroup;
			children = (
				929597C61A32383A00E1AE04 /* Speak App */,
				929597DC1A32383A00E1AE04 /* Speak AppTests */,
				929597C51A32383A00E1AE04 /* Products */,
			);
			sourceTree = "<group>";
		};
		929597C51A32383A00E1AE04 /* Products */ = {
			isa = PBXGroup;
			children = (
				929597C41A32383A00E1AE04 /* Speak App.app */,
				929597D91A32383A00E1AE04 /* Speak AppTests.xctest */,
			);
			name = Products;
			sourceTree = "<group>";
		};
		929597C61A32383A00E1AE04 /* Speak App */ = {
			isa = PBXGroup;
			children = (
				929597C91A32383A00E1AE04 /* AppDelegate.swift */,
				929597CB1A32383A00E1AE04 /* RecordSoundsViewController.swift */,
				929597CD1A32383A00E1AE04 /* Main.storyboard */,
				929597E91A326B7C00E1AE04 /* PlaySoundsViewController.swift */,
				929597D01A32383A00E1AE04 /* Images.xcassets */,
				929597D21A32383A00E1AE04 /* LaunchScreen.xib */,
				929597C71A32383A00E1AE04 /* Supporting Files */,
			);
			path = "Speak App";
			sourceTree = "<group>";
		};
		929597C71A32383A00E1AE04 /* Supporting Files */ = {
			isa = PBXGroup;
			children = (
				929597EB1A32A42700E1AE04 /* sample.mp3 */,
				929597C81A32383A00E1AE04 /* Info.plist */,
			);
			name = "Supporting Files";
			sourceTree = "<group>";
		};
		929597DC1A32383A00E1AE04 /* Speak AppTests */ = {
			isa = PBXGroup;
			children = (
				929597DF1A32383A00E1AE04 /* Speak_AppTests.swift */,
				929597DD1A32383A00E1AE04 /* Supporting Files */,
			);
			path = "Speak AppTests";
			sourceTree = "<group>";
		};
		929597DD1A32383A00E1AE04 /* Supporting Files */ = {
			isa = PBXGroup;
			children = (
				929597DE1A32383A00E1AE04 /* Info.plist */,
			);
			name = "Supporting Files";
			sourceTree = "<group>";
		};
/* End PBXGroup section */

/* Begin PBXNativeTarget section */
		929597C31A32383A00E1AE04 /* Speak App */ = {
			isa = PBXNativeTarget;
			buildConfigurationList = 929597E31A32383A00E1AE04 /* Build configuration list for PBXNativeTarget "Speak App" */;
			buildPhases = (
				929597C01A32383A00E1AE04 /* Sources */,
				929597C11A32383A00E1AE04 /* Frameworks */,
				929597C21A32383A00E1AE04 /* Resources */,
			);
			buildRules = (
			);
			dependencies = (
			);
			name = "Speak App";
			productName = "Speak App";
			productReference = 929597C41A32383A00E1AE04 /* Speak App.app */;
			productType = "com.apple.product-type.application";
		};
		929597D81A32383A00E1AE04 /* Speak AppTests */ = {
			isa = PBXNativeTarget;
			buildConfigurationList = 929597E61A32383A00E1AE04 /* Build configuration list for PBXNativeTarget "Speak AppTests" */;
			buildPhases = (
				929597D51A32383A00E1AE04 /* Sources */,
				929597D61A32383A00E1AE04 /* Frameworks */,
				929597D71A32383A00E1AE04 /* Resources */,
			);
			buildRules = (
			);
			dependencies = (
				929597DB1A32383A00E1AE04 /* PBXTargetDependency */,
			);
			name = "Speak AppTests";
			productName = "Speak AppTests";
			productReference = 929597D91A32383A00E1AE04 /* Speak AppTests.xctest */;
			productType = "com.apple.product-type.bundle.unit-test";
		};
/* End PBXNativeTarget section */

/* Begin PBXProject section */
		929597BC1A32383A00E1AE04 /* Project object */ = {
			isa = PBXProject;
			attributes = {
				LastUpgradeCheck = 0610;
				ORGANIZATIONNAME = "Krassimir Krustev";
				TargetAttributes = {
					929597C31A32383A00E1AE04 = {
						CreatedOnToolsVersion = 6.1;
					};
					929597D81A32383A00E1AE04 = {
						CreatedOnToolsVersion = 6.1;
						TestTargetID = 929597C31A32383A00E1AE04;
					};
				};
			};
			buildConfigurationList = 929597BF1A32383A00E1AE04 /* Build configuration list for PBXProject "Speak App" */;
			compatibilityVersion = "Xcode 3.2";
			developmentRegion = English;
			hasScannedForEncodings = 0;
			knownRegions = (
				en,
				Base,
			);
			mainGroup = 929597BB1A32383A00E1AE04;
			productRefGroup = 929597C51A32383A00E1AE04 /* Products */;
			projectDirPath = "";
			projectRoot = "";
			targets = (
				929597C31A32383A00E1AE04 /* Speak App */,
				929597D81A32383A00E1AE04 /* Speak AppTests */,
			);
		};
/* End PBXProject section */

/* Begin PBXResourcesBuildPhase section */
		929597C21A32383A00E1AE04 /* Resources */ = {
			isa = PBXResourcesBuildPhase;
			buildActionMask = 2147483647;
			files = (
				929597CF1A32383A00E1AE04 /* Main.storyboard in Resources */,
				929597D41A32383A00E1AE04 /* LaunchScreen.xib in Resources */,
				929597EC1A32A42700E1AE04 /* sample.mp3 in Resources */,
				929597D11A32383A00E1AE04 /* Images.xcassets in Resources */,
			);
			runOnlyForDeploymentPostprocessing = 0;
		};
		929597D71A32383A00E1AE04 /* Resources */ = {
			isa = PBXResourcesBuildPhase;
			buildActionMask = 2147483647;
			files = (
			);
			runOnlyForDeploymentPostprocessing = 0;
		};
/* End PBXResourcesBuildPhase section */

/* Begin PBXSourcesBuildPhase section */
		929597C01A32383A00E1AE04 /* Sources */ = {
			isa = PBXSourcesBuildPhase;
			buildActionMask = 2147483647;
			files = (
				929597CC1A32383A00E1AE04 /* RecordSoundsViewController.swift in Sources */,
				929597EA1A326B7C00E1AE04 /* PlaySoundsViewController.swift in Sources */,
				929597CA1A32383A00E1AE04 /* AppDelegate.swift in Sources */,
			);
			runOnlyForDeploymentPostprocessing = 0;
		};
		929597D51A32383A00E1AE04 /* Sources */ = {
			isa = PBXSourcesBuildPhase;
			buildActionMask = 2147483647;
			files = (
				929597E01A32383A00E1AE04 /* Speak_AppTests.swift in Sources */,
			);
			runOnlyForDeploymentPostprocessing = 0;
		};
/* End PBXSourcesBuildPhase section */

/* Begin PBXTargetDependency section */
		929597DB1A32383A00E1AE04 /* PBXTargetDependency */ = {
			isa = PBXTargetDependency;
			target = 929597C31A32383A00E1AE04 /* Speak App */;
			targetProxy = 929597DA1A32383A00E1AE04 /* PBXContainerItemProxy */;
		};
/* End PBXTargetDependency section */

/* Begin PBXVariantGroup section */
		929597CD1A32383A00E1AE04 /* Main.storyboard */ = {
			isa = PBXVariantGroup;
			children = (
				929597CE1A32383A00E1AE04 /* Base */,
			);
			name = Main.storyboard;
			sourceTree = "<group>";
		};
		929597D21A32383A00E1AE04 /* LaunchScreen.xib */ = {
			isa = PBXVariantGroup;
			children = (
				929597D31A32383A00E1AE04 /* Base */,
			);
			name = LaunchScreen.xib;
			sourceTree = "<group>";
		};
/* End PBXVariantGroup section */

/* Begin XCBuildConfiguration section */
		929597E11A32383A00E1AE04 /* Debug */ = {
			isa = XCBuildConfiguration;
			buildSettings = {
				ALWAYS_SEARCH_USER_PATHS = NO;
				CLANG_CXX_LANGUAGE_STANDARD = "gnu++0x";
				CLANG_CXX_LIBRARY = "libc++";
				CLANG_ENABLE_MODULES = YES;
				CLANG_ENABLE_OBJC_ARC = YES;
				CLANG_WARN_BOOL_CONVERSION = YES;
				CLANG_WARN_CONSTANT_CONVERSION = YES;
				CLANG_WARN_DIRECT_OBJC_ISA_USAGE = YES_ERROR;
				CLANG_WARN_EMPTY_BODY = YES;
				CLANG_WARN_ENUM_CONVERSION = YES;
				CLANG_WARN_INT_CONVERSION = YES;
				CLANG_WARN_OBJC_ROOT_CLASS = YES_ERROR;
				CLANG_WARN_UNREACHABLE_CODE = YES;
				CLANG_WARN__DUPLICATE_METHOD_MATCH = YES;
				"CODE_SIGN_IDENTITY[sdk=iphoneos*]" = "iPhone Developer";
				COPY_PHASE_STRIP = NO;
				ENABLE_STRICT_OBJC_MSGSEND = YES;
				GCC_C_LANGUAGE_STANDARD = gnu99;
				GCC_DYNAMIC_NO_PIC = NO;
				GCC_OPTIMIZATION_LEVEL = 0;
				GCC_PREPROCESSOR_DEFINITIONS = (
					"DEBUG=1",
					"$(inherited)",
				);
				GCC_SYMBOLS_PRIVATE_EXTERN = NO;
				GCC_WARN_64_TO_32_BIT_CONVERSION = YES;
				GCC_WARN_ABOUT_RETURN_TYPE = YES_ERROR;
				GCC_WARN_UNDECLARED_SELECTOR = YES;
				GCC_WARN_UNINITIALIZED_AUTOS = YES_AGGRESSIVE;
				GCC_WARN_UNUSED_FUNCTION = YES;
				GCC_WARN_UNUSED_VARIABLE = YES;
				IPHONEOS_DEPLOYMENT_TARGET = 8.1;
				MTL_ENABLE_DEBUG_INFO = YES;
				ONLY_ACTIVE_ARCH = YES;
				SDKROOT = iphoneos;
				SWIFT_OPTIMIZATION_LEVEL = "-Onone";
			};
			name = Debug;
		};
		929597E21A32383A00E1AE04 /* Release */ = {
			isa = XCBuildConfiguration;
			buildSettings = {
				ALWAYS_SEARCH_USER_PATHS = NO;
				CLANG_CXX_LANGUAGE_STANDARD = "gnu++0x";
				CLANG_CXX_LIBRARY = "libc++";
				CLANG_ENABLE_MODULES = YES;
				CLANG_ENABLE_OBJC_ARC = YES;
				CLANG_WARN_BOOL_CONVERSION = YES;
				CLANG_WARN_CONSTANT_CONVERSION = YES;
				CLANG_WARN_DIRECT_OBJC_ISA_USAGE = YES_ERROR;
				CLANG_WARN_EMPTY_BODY = YES;
				CLANG_WARN_ENUM_CONVERSION = YES;
				CLANG_WARN_INT_CONVERSION = YES;
				CLANG_WARN_OBJC_ROOT_CLASS = YES_ERROR;
				CLANG_WARN_UNREACHABLE_CODE = YES;
				CLANG_WARN__DUPLICATE_METHOD_MATCH = YES;
				"CODE_SIGN_IDENTITY[sdk=iphoneos*]" = "iPhone Developer";
				COPY_PHASE_STRIP = YES;
				ENABLE_NS_ASSERTIONS = NO;
				ENABLE_STRICT_OBJC_MSGSEND = YES;
				GCC_C_LANGUAGE_STANDARD = gnu99;
				GCC_WARN_64_TO_32_BIT_CONVERSION = YES;
				GCC_WARN_ABOUT_RETURN_TYPE = YES_ERROR;
				GCC_WARN_UNDECLARED_SELECTOR = YES;
				GCC_WARN_UNINITIALIZED_AUTOS = YES_AGGRESSIVE;
				GCC_WARN_UNUSED_FUNCTION = YES;
				GCC_WARN_UNUSED_VARIABLE = YES;
				IPHONEOS_DEPLOYMENT_TARGET = 8.1;
				MTL_ENABLE_DEBUG_INFO = NO;
				SDKROOT = iphoneos;
				VALIDATE_PRODUCT = YES;
			};
			name = Release;
		};
		929597E41A32383A00E1AE04 /* Debug */ = {
			isa = XCBuildConfiguration;
			buildSettings = {
				ASSETCATALOG_COMPILER_APPICON_NAME = AppIcon;
				INFOPLIST_FILE = "Speak App/Info.plist";
				LD_RUNPATH_SEARCH_PATHS = "$(inherited) @executable_path/Frameworks";
				PRODUCT_NAME = "$(TARGET_NAME)";
			};
			name = Debug;
		};
		929597E51A32383A00E1AE04 /* Release */ = {
			isa = XCBuildConfiguration;
			buildSettings = {
				ASSETCATALOG_COMPILER_APPICON_NAME = AppIcon;
				INFOPLIST_FILE = "Speak App/Info.plist";
				LD_RUNPATH_SEARCH_PATHS = "$(inherited) @executable_path/Frameworks";
				PRODUCT_NAME = "$(TARGET_NAME)";
			};
			name = Release;
		};
		929597E71A32383A00E1AE04 /* Debug */ = {
			isa = XCBuildConfiguration;
			buildSettings = {
				BUNDLE_LOADER = "$(TEST_HOST)";
				FRAMEWORK_SEARCH_PATHS = (
					"$(SDKROOT)/Developer/Library/Frameworks",
					"$(inherited)",
				);
				GCC_PREPROCESSOR_DEFINITIONS = (
					"DEBUG=1",
					"$(inherited)",
				);
				INFOPLIST_FILE = "Speak AppTests/Info.plist";
				LD_RUNPATH_SEARCH_PATHS = "$(inherited) @executable_path/Frameworks @loader_path/Frameworks";
				PRODUCT_NAME = "$(TARGET_NAME)";
				TEST_HOST = "$(BUILT_PRODUCTS_DIR)/Speak App.app/Speak App";
			};
			name = Debug;
		};
		929597E81A32383A00E1AE04 /* Release */ = {
			isa = XCBuildConfiguration;
			buildSettings = {
				BUNDLE_LOADER = "$(TEST_HOST)";
				FRAMEWORK_SEARCH_PATHS = (
					"$(SDKROOT)/Developer/Library/Frameworks",
					"$(inherited)",
				);
				INFOPLIST_FILE = "Speak AppTests/Info.plist";
				LD_RUNPATH_SEARCH_PATHS = "$(inherited) @executable_path/Frameworks @loader_path/Frameworks";
				PRODUCT_NAME = "$(TARGET_NAME)";
				TEST_HOST = "$(BUILT_PRODUCTS_DIR)/Speak App.app/Speak App";
			};
			name = Release;
		};
/* End XCBuildConfiguration section */

/* Begin XCConfigurationList section */
		929597BF1A32383A00E1AE04 /* Build configuration list for PBXProject "Speak App" */ = {
			isa = XCConfigurationList;
			buildConfigurations = (
				929597E11A32383A00E1AE04 /* Debug */,
				929597E21A32383A00E1AE04 /* Release */,
			);
			defaultConfigurationIsVisible = 0;
			defaultConfigurationName = Release;
		};
		929597E31A32383A00E1AE04 /* Build configuration list for PBXNativeTarget "Speak App" */ = {
			isa = XCConfigurationList;
			buildConfigurations = (
				929597E41A32383A00E1AE04 /* Debug */,
				929597E51A32383A00E1AE04 /* Release */,
			);
			defaultConfigurationIsVisible = 0;
		};
		929597E61A32383A00E1AE04 /* Build configuration list for PBXNativeTarget "Speak AppTests" */ = {
			isa = XCConfigurationList;
			buildConfigurations = (
				929597E71A32383A00E1AE04 /* Debug */,
				929597E81A32383A00E1AE04 /* Release */,
			);
			defaultConfigurationIsVisible = 0;
		};
/* End XCConfigurationList section */
	};
	rootObject = 929597BC1A32383A00E1AE04 /* Project object */;
}
